Microsoft Visual Studio Solution File, Format Version 12.00
# Visual Studio Version 17
VisualStudioVersion = 17.13.35828.75
MinimumVisualStudioVersion = 10.0.40219.1
Project("{FAE04EC0-301F-11D3-BF4B-00C04F79EFBC}") = "ProductsMicroservice.API", "ProductsMicroservice.API\ProductsMicroservice.API.csproj", "{39668C76-DDAE-423F-92E0-8465F73600ED}"
EndProject
Project("{FAE04EC0-301F-11D3-BF4B-00C04F79EFBC}") = "DataAccessLayer", "DataAccessLayer\DataAccessLayer.csproj", "{EA185797-426C-4E49-8A9F-9864ED55760A}"
EndProject
Project("{FAE04EC0-301F-11D3-BF4B-00C04F79EFBC}") = "BusinessLogicLayer", "BusinessLogicLayer\BusinessLogicLayer.csproj", "{1249DB97-1276-495B-B278-92FC61A3CE49}"
EndProject
Global
	GlobalSection(SolutionConfigurationPlatforms) = preSolution
		Debug|Any CPU = Debug|Any CPU
		Release|Any CPU = Release|Any CPU
	EndGlobalSection
	GlobalSection(ProjectConfigurationPlatforms) = postSolution
		{39668C76-DDAE-423F-92E0-8465F73600ED}.Debug|Any CPU.ActiveCfg = Debug|Any CPU
		{39668C76-DDAE-423F-92E0-8465F73600ED}.Debug|Any CPU.Build.0 = Debug|Any CPU
		{39668C76-DDAE-423F-92E0-8465F73600ED}.Release|Any CPU.ActiveCfg = Release|Any CPU
		{39668C76-DDAE-423F-92E0-8465F73600ED}.Release|Any CPU.Build.0 = Release|Any CPU
		{EA185797-426C-4E49-8A9F-9864ED55760A}.Debug|Any CPU.ActiveCfg = Debug|Any CPU
		{EA185797-426C-4E49-8A9F-9864ED55760A}.Debug|Any CPU.Build.0 = Debug|Any CPU
		{EA185797-426C-4E49-8A9F-9864ED55760A}.Release|Any CPU.ActiveCfg = Release|Any CPU
		{EA185797-426C-4E49-8A9F-9864ED55760A}.Release|Any CPU.Build.0 = Release|Any CPU
		{1249DB97-1276-495B-B278-92FC61A3CE49}.Debug|Any CPU.ActiveCfg = Debug|Any CPU
		{1249DB97-1276-495B-B278-92FC61A3CE49}.Debug|Any CPU.Build.0 = Debug|Any CPU
		{1249DB97-1276-495B-B278-92FC61A3CE49}.Release|Any CPU.ActiveCfg = Release|Any CPU
		{1249DB97-1276-495B-B278-92FC61A3CE49}.Release|Any CPU.Build.0 = Release|Any CPU
	EndGlobalSection
	GlobalSection(SolutionProperties) = preSolution
		HideSolutionNode = FALSE
	EndGlobalSection
	GlobalSection(ExtensibilityGlobals) = postSolution
		SolutionGuid = {5F30CEC4-1C88-469F-AF7F-042536D472DE}
	EndGlobalSection
EndGlobal
